# This file is automatically @generated by Cargo.
# It is not intended for manual editing.
version = 3

[[package]]
name = "arrayvec"
version = "0.7.2"
source = "registry+https://github.com/rust-lang/crates.io-index"
checksum = "8da52d66c7071e2e3fa2a1e5c6d088fec47b593032b254f5e980de8ea54454d6"

[[package]]
name = "etherparse"
version = "0.12.0"
source = "registry+https://github.com/rust-lang/crates.io-index"
checksum = "bcb08c4aab4e2985045305551e67126b43f1b6b136bc4e1cd87fb0327877a611"
dependencies = [
 "arrayvec",
]

[[package]]
name = "sni-log"
version = "0.1.0"
dependencies = [
 "etherparse",
]
